// !$*UTF8*$!
{
	archiveVersion = 1;
	classes = {
	};
	objectVersion = 46;
	objects = {

/* Begin PBXBuildFile section */
		319C68341D01D94D00FC3516 /* Page1CellMenu0TableViewCell.swift in Sources */ = {isa = PBXBuildFile; fileRef = 319C68331D01D94D00FC3516 /* Page1CellMenu0TableViewCell.swift */; };
		319C68361D01DF3500FC3516 /* Page2ViewController.swift in Sources */ = {isa = PBXBuildFile; fileRef = 319C68351D01DF3500FC3516 /* Page2ViewController.swift */; };
		319C68381D01DF3B00FC3516 /* Page3ViewController.swift in Sources */ = {isa = PBXBuildFile; fileRef = 319C68371D01DF3B00FC3516 /* Page3ViewController.swift */; };
		319C683A1D01DF4400FC3516 /* Page4ViewController.swift in Sources */ = {isa = PBXBuildFile; fileRef = 319C68391D01DF4400FC3516 /* Page4ViewController.swift */; };
		319C683C1D01DF4900FC3516 /* Page5ViewController.swift in Sources */ = {isa = PBXBuildFile; fileRef = 319C683B1D01DF4900FC3516 /* Page5ViewController.swift */; };
		6D5104CD928C4312AE460CA2 /* Pods_A2SLayoutsK3.framework in Frameworks */ = {isa = PBXBuildFile; fileRef = 52451CB050B3F632BE456594 /* Pods_A2SLayoutsK3.framework */; };
		842612091D13F81C00A9CDA2 /* Page1ProductDetailCell2ReviewCell0TableViewCell.swift in Sources */ = {isa = PBXBuildFile; fileRef = 842612081D13F81C00A9CDA2 /* Page1ProductDetailCell2ReviewCell0TableViewCell.swift */; };
		843061921D1E695B005FC8F7 /* ProductAll.swift in Sources */ = {isa = PBXBuildFile; fileRef = 843061911D1E695B005FC8F7 /* ProductAll.swift */; };
		84574CF51D0FAE8D002D19B9 /* Page2PageMenuViewController.swift in Sources */ = {isa = PBXBuildFile; fileRef = 84574CF41D0FAE8D002D19B9 /* Page2PageMenuViewController.swift */; };
		84593C711CFFE04200B60777 /* Page1ProductAllViewController.swift in Sources */ = {isa = PBXBuildFile; fileRef = 84593C701CFFE04200B60777 /* Page1ProductAllViewController.swift */; };
		84593C731CFFE31200B60777 /* Page1ProductAllCollectionViewCell.swift in Sources */ = {isa = PBXBuildFile; fileRef = 84593C721CFFE31200B60777 /* Page1ProductAllCollectionViewCell.swift */; };
		84593C7E1D00286200B60777 /* Page1ProductDetailCell6TableViewCell.swift in Sources */ = {isa = PBXBuildFile; fileRef = 84593C7D1D00286200B60777 /* Page1ProductDetailCell6TableViewCell.swift */; };
		84593C801D00286900B60777 /* Page1ProductDetailCell5TableViewCell.swift in Sources */ = {isa = PBXBuildFile; fileRef = 84593C7F1D00286900B60777 /* Page1ProductDetailCell5TableViewCell.swift */; };
		84593C821D0028A200B60777 /* Page1ProductDetailCell6CollectionViewCell.swift in Sources */ = {isa = PBXBuildFile; fileRef = 84593C811D0028A200B60777 /* Page1ProductDetailCell6CollectionViewCell.swift */; };
		8462B88D1D124F7200719666 /* Page2Cell1TableViewCell.swift in Sources */ = {isa = PBXBuildFile; fileRef = 8462B88C1D124F7200719666 /* Page2Cell1TableViewCell.swift */; };
		8462B88F1D12697B00719666 /* Page3Cell0TableViewCell.swift in Sources */ = {isa = PBXBuildFile; fileRef = 8462B88E1D12697B00719666 /* Page3Cell0TableViewCell.swift */; };
		8462B8911D12A59E00719666 /* Page4Cell0TableViewCell.swift in Sources */ = {isa = PBXBuildFile; fileRef = 8462B8901D12A59E00719666 /* Page4Cell0TableViewCell.swift */; };
		84633C361D1CF67000C79373 /* ProductRand.swift in Sources */ = {isa = PBXBuildFile; fileRef = 84633C351D1CF67000C79373 /* ProductRand.swift */; };
		84668BBC1D20E00F005F9DCA /* ShopProduct.swift in Sources */ = {isa = PBXBuildFile; fileRef = 84668BBB1D20E00F005F9DCA /* ShopProduct.swift */; };
		846933AE1D27662400F39883 /* Page1AddCartCell3TableViewCell.swift in Sources */ = {isa = PBXBuildFile; fileRef = 846933AD1D27662400F39883 /* Page1AddCartCell3TableViewCell.swift */; };
		846933B01D276AAF00F39883 /* Page1AddCartCell0TableViewCell.swift in Sources */ = {isa = PBXBuildFile; fileRef = 846933AF1D276AAF00F39883 /* Page1AddCartCell0TableViewCell.swift */; };
		846933B21D276B0700F39883 /* Page1AddCartCell1TableViewCell.swift in Sources */ = {isa = PBXBuildFile; fileRef = 846933B11D276B0700F39883 /* Page1AddCartCell1TableViewCell.swift */; };
		846933B41D276BA600F39883 /* Page1AddCartColorTableViewCell.swift in Sources */ = {isa = PBXBuildFile; fileRef = 846933B31D276BA600F39883 /* Page1AddCartColorTableViewCell.swift */; };
		846933B61D276BB400F39883 /* Page1AddCartSizeTableViewCell.swift in Sources */ = {isa = PBXBuildFile; fileRef = 846933B51D276BB400F39883 /* Page1AddCartSizeTableViewCell.swift */; };
		846933B81D276CDA00F39883 /* Page1AddCartCell2TableViewCell.swift in Sources */ = {isa = PBXBuildFile; fileRef = 846933B71D276CDA00F39883 /* Page1AddCartCell2TableViewCell.swift */; };
		846933BA1D27750800F39883 /* Page1ProductDetailProductDetailViewController.swift in Sources */ = {isa = PBXBuildFile; fileRef = 846933B91D27750800F39883 /* Page1ProductDetailProductDetailViewController.swift */; };
		846933BC1D27772700F39883 /* Page1ProductDetailPaymentViewController.swift in Sources */ = {isa = PBXBuildFile; fileRef = 846933BB1D27772700F39883 /* Page1ProductDetailPaymentViewController.swift */; };
		846933BE1D27AB0F00F39883 /* ProductTop.swift in Sources */ = {isa = PBXBuildFile; fileRef = 846933BD1D27AB0F00F39883 /* ProductTop.swift */; };
		846D1B4D1CFD82A90005EC00 /* Page1Cell0CollectionViewCell.swift in Sources */ = {isa = PBXBuildFile; fileRef = 846D1B4C1CFD82A90005EC00 /* Page1Cell0CollectionViewCell.swift */; };
		846D1B511CFD82D90005EC00 /* Page1Cell1CollectionViewCell.swift in Sources */ = {isa = PBXBuildFile; fileRef = 846D1B501CFD82D90005EC00 /* Page1Cell1CollectionViewCell.swift */; };
		846D1B531CFD82E10005EC00 /* Page1Cell2CollectionViewCell.swift in Sources */ = {isa = PBXBuildFile; fileRef = 846D1B521CFD82E10005EC00 /* Page1Cell2CollectionViewCell.swift */; };
		846D1B561CFD85B80005EC00 /* Dammy.swift in Sources */ = {isa = PBXBuildFile; fileRef = 846D1B551CFD85B80005EC00 /* Dammy.swift */; };
		846D1B5B1CFD965C0005EC00 /* Page1ProductDetailViewController.swift in Sources */ = {isa = PBXBuildFile; fileRef = 846D1B5A1CFD965C0005EC00 /* Page1ProductDetailViewController.swift */; };
		8470BEA01D0AB79F00509A2E /* Page1ProductDetailCell7TableViewCell.swift in Sources */ = {isa = PBXBuildFile; fileRef = 8470BE9F1D0AB79F00509A2E /* Page1ProductDetailCell7TableViewCell.swift */; };
		8471060B1CFD7398003B5DD1 /* AppDelegate.swift in Sources */ = {isa = PBXBuildFile; fileRef = 8471060A1CFD7398003B5DD1 /* AppDelegate.swift */; };
		8471060D1CFD7398003B5DD1 /* ViewController.swift in Sources */ = {isa = PBXBuildFile; fileRef = 8471060C1CFD7398003B5DD1 /* ViewController.swift */; };
		847106101CFD7398003B5DD1 /* Main.storyboard in Resources */ = {isa = PBXBuildFile; fileRef = 8471060E1CFD7398003B5DD1 /* Main.storyboard */; };
		847106121CFD7398003B5DD1 /* Assets.xcassets in Resources */ = {isa = PBXBuildFile; fileRef = 847106111CFD7398003B5DD1 /* Assets.xcassets */; };
		847106151CFD7398003B5DD1 /* LaunchScreen.storyboard in Resources */ = {isa = PBXBuildFile; fileRef = 847106131CFD7398003B5DD1 /* LaunchScreen.storyboard */; };
		8471061D1CFD73A2003B5DD1 /* Podfile in Resources */ = {isa = PBXBuildFile; fileRef = 8471061C1CFD73A2003B5DD1 /* Podfile */; };
		847106271CFD7D92003B5DD1 /* star0.png in Resources */ = {isa = PBXBuildFile; fileRef = 847106261CFD7D92003B5DD1 /* star0.png */; };
		847106291CFD7DBD003B5DD1 /* Page1Cell0TableViewCell.swift in Sources */ = {isa = PBXBuildFile; fileRef = 847106281CFD7DBD003B5DD1 /* Page1Cell0TableViewCell.swift */; };
		8471062B1CFD7DCA003B5DD1 /* Page1Cell1TableViewCell.swift in Sources */ = {isa = PBXBuildFile; fileRef = 8471062A1CFD7DCA003B5DD1 /* Page1Cell1TableViewCell.swift */; };
		8471062D1CFD7DD6003B5DD1 /* Page1Cell2TableViewCell.swift in Sources */ = {isa = PBXBuildFile; fileRef = 8471062C1CFD7DD6003B5DD1 /* Page1Cell2TableViewCell.swift */; };
		8471062F1CFD7F0C003B5DD1 /* Page1ViewController.swift in Sources */ = {isa = PBXBuildFile; fileRef = 8471062E1CFD7F0C003B5DD1 /* Page1ViewController.swift */; };
		8477A6ED1CFEAECC0000BFEB /* BaseCell.swift in Sources */ = {isa = PBXBuildFile; fileRef = 8477A6EC1CFEAECC0000BFEB /* BaseCell.swift */; };
		8477A6EF1CFECF0E0000BFEB /* Page1ProductDetailCell0TableViewCell.swift in Sources */ = {isa = PBXBuildFile; fileRef = 8477A6EE1CFECF0E0000BFEB /* Page1ProductDetailCell0TableViewCell.swift */; };
		8477A6F11CFECF180000BFEB /* Page1ProductDetailCell1TableViewCell.swift in Sources */ = {isa = PBXBuildFile; fileRef = 8477A6F01CFECF180000BFEB /* Page1ProductDetailCell1TableViewCell.swift */; };
		8477A6F31CFECF230000BFEB /* Page1ProductDetailCell2TableViewCell.swift in Sources */ = {isa = PBXBuildFile; fileRef = 8477A6F21CFECF230000BFEB /* Page1ProductDetailCell2TableViewCell.swift */; };
		8477A6F51CFECF2C0000BFEB /* Page1ProductDetailCell4TableViewCell.swift in Sources */ = {isa = PBXBuildFile; fileRef = 8477A6F41CFECF2C0000BFEB /* Page1ProductDetailCell4TableViewCell.swift */; };
		8477A6F71CFECF5A0000BFEB /* Page1ProductDetailCell3TableViewCell.swift in Sources */ = {isa = PBXBuildFile; fileRef = 8477A6F61CFECF5A0000BFEB /* Page1ProductDetailCell3TableViewCell.swift */; };
		847D623C1D2BB8EB0081F9A6 /* Page1SearchViewController.swift in Sources */ = {isa = PBXBuildFile; fileRef = 847D623B1D2BB8EB0081F9A6 /* Page1SearchViewController.swift */; };
		847D623F1D2BBA2A0081F9A6 /* Page1SearchFilterViewController.swift in Sources */ = {isa = PBXBuildFile; fileRef = 847D623E1D2BBA2A0081F9A6 /* Page1SearchFilterViewController.swift */; };
		847D62411D2BBB510081F9A6 /* Page1SearchFilterCell0CollectionViewCell.swift in Sources */ = {isa = PBXBuildFile; fileRef = 847D62401D2BBB510081F9A6 /* Page1SearchFilterCell0CollectionViewCell.swift */; };
		8489A41D1D2A0D1400B6DC4B /* ProductFilter.swift in Sources */ = {isa = PBXBuildFile; fileRef = 8489A41C1D2A0D1400B6DC4B /* ProductFilter.swift */; };
		8489A41F1D2A1A6300B6DC4B /* Page1ProductDetailCell0CollectionViewCell.swift in Sources */ = {isa = PBXBuildFile; fileRef = 8489A41E1D2A1A6300B6DC4B /* Page1ProductDetailCell0CollectionViewCell.swift */; };
		848AF9791D02836800A3B84A /* Product.swift in Sources */ = {isa = PBXBuildFile; fileRef = 848AF9781D02836800A3B84A /* Product.swift */; };
		848ECBBA1D236F5500EF1A9C /* Page1ProductDetailCell8TableViewCell.swift in Sources */ = {isa = PBXBuildFile; fileRef = 848ECBB91D236F5500EF1A9C /* Page1ProductDetailCell8TableViewCell.swift */; };
		848ECBC31D237A8000EF1A9C /* Page1ProductDetailOptionCell0TableViewCell.swift in Sources */ = {isa = PBXBuildFile; fileRef = 848ECBC21D237A8000EF1A9C /* Page1ProductDetailOptionCell0TableViewCell.swift */; };
		848ECBC51D237A8600EF1A9C /* Page1ProductDetailOptionCell1TableViewCell.swift in Sources */ = {isa = PBXBuildFile; fileRef = 848ECBC41D237A8600EF1A9C /* Page1ProductDetailOptionCell1TableViewCell.swift */; };
		848ECBC71D237A8C00EF1A9C /* Page1ProductDetailOptionCell2TableViewCell.swift in Sources */ = {isa = PBXBuildFile; fileRef = 848ECBC61D237A8C00EF1A9C /* Page1ProductDetailOptionCell2TableViewCell.swift */; };
		848ECBCB1D23B80F00EF1A9C /* Page1AddCartViewController.swift in Sources */ = {isa = PBXBuildFile; fileRef = 848ECBCA1D23B80F00EF1A9C /* Page1AddCartViewController.swift */; };
		84A6AF2B1D3351D5008A1E12 /* Page1ProductDetailWarrantyViewController.swift in Sources */ = {isa = PBXBuildFile; fileRef = 84A6AF2A1D3351D5008A1E12 /* Page1ProductDetailWarrantyViewController.swift */; };
		84A6AF531D336F0A008A1E12 /* Page1ProductDetailShippingViewController.swift in Sources */ = {isa = PBXBuildFile; fileRef = 84A6AF521D336F0A008A1E12 /* Page1ProductDetailShippingViewController.swift */; };
		84F988AD1D0E579100F9C432 /* Page1ShopDetailViewController.swift in Sources */ = {isa = PBXBuildFile; fileRef = 84F988AC1D0E579100F9C432 /* Page1ShopDetailViewController.swift */; };
		84F988AF1D0E58D300F9C432 /* Page1ShopDetailCell0TableViewCell.swift in Sources */ = {isa = PBXBuildFile; fileRef = 84F988AE1D0E58D300F9C432 /* Page1ShopDetailCell0TableViewCell.swift */; };
		84F988B11D0E609200F9C432 /* Page1ShopDetailCell2TableViewCell.swift in Sources */ = {isa = PBXBuildFile; fileRef = 84F988B01D0E609200F9C432 /* Page1ShopDetailCell2TableViewCell.swift */; };
		84F988B31D0E60BA00F9C432 /* Page1ShopDetailCell2CollectionViewCell.swift in Sources */ = {isa = PBXBuildFile; fileRef = 84F988B21D0E60BA00F9C432 /* Page1ShopDetailCell2CollectionViewCell.swift */; };
/* End PBXBuildFile section */

/* Begin PBXFileReference section */
		082D7B8C77A9B238EC412E37 /* Pods-A2SLayoutsK3.debug.xcconfig */ = {isa = PBXFileReference; includeInIndex = 1; lastKnownFileType = text.xcconfig; name = "Pods-A2SLayoutsK3.debug.xcconfig"; path = "Pods/Target Support Files/Pods-A2SLayoutsK3/Pods-A2SLayoutsK3.debug.xcconfig"; sourceTree = "<group>"; };
		319C68331D01D94D00FC3516 /* Page1CellMenu0TableViewCell.swift */ = {isa = PBXFileReference; fileEncoding = 4; lastKnownFileType = sourcecode.swift; path = Page1CellMenu0TableViewCell.swift; sourceTree = "<group>"; };
		319C68351D01DF3500FC3516 /* Page2ViewController.swift */ = {isa = PBXFileReference; fileEncoding = 4; lastKnownFileType = sourcecode.swift; path = Page2ViewController.swift; sourceTree = "<group>"; };
		319C68371D01DF3B00FC3516 /* Page3ViewController.swift */ = {isa = PBXFileReference; fileEncoding = 4; lastKnownFileType = sourcecode.swift; path = Page3ViewController.swift; sourceTree = "<group>"; };
		319C68391D01DF4400FC3516 /* Page4ViewController.swift */ = {isa = PBXFileReference; fileEncoding = 4; lastKnownFileType = sourcecode.swift; path = Page4ViewController.swift; sourceTree = "<group>"; };
		319C683B1D01DF4900FC3516 /* Page5ViewController.swift */ = {isa = PBXFileReference; fileEncoding = 4; lastKnownFileType = sourcecode.swift; path = Page5ViewController.swift; sourceTree = "<group>"; };
		52451CB050B3F632BE456594 /* Pods_A2SLayoutsK3.framework */ = {isa = PBXFileReference; explicitFileType = wrapper.framework; includeInIndex = 0; path = Pods_A2SLayoutsK3.framework; sourceTree = BUILT_PRODUCTS_DIR; };
		7A48A21E8494A97DAD8EE817 /* Pods-A2SLayoutsK3.release.xcconfig */ = {isa = PBXFileReference; includeInIndex = 1; lastKnownFileType = text.xcconfig; name = "Pods-A2SLayoutsK3.release.xcconfig"; path = "Pods/Target Support Files/Pods-A2SLayoutsK3/Pods-A2SLayoutsK3.release.xcconfig"; sourceTree = "<group>"; };
		842612081D13F81C00A9CDA2 /* Page1ProductDetailCell2ReviewCell0TableViewCell.swift */ = {isa = PBXFileReference; fileEncoding = 4; lastKnownFileType = sourcecode.swift; path = Page1ProductDetailCell2ReviewCell0TableViewCell.swift; sourceTree = "<group>"; };
		843061911D1E695B005FC8F7 /* ProductAll.swift */ = {isa = PBXFileReference; fileEncoding = 4; lastKnownFileType = sourcecode.swift; path = ProductAll.swift; sourceTree = "<group>"; };
		84574CF41D0FAE8D002D19B9 /* Page2PageMenuViewController.swift */ = {isa = PBXFileReference; fileEncoding = 4; lastKnownFileType = sourcecode.swift; path = Page2PageMenuViewController.swift; sourceTree = "<group>"; };
		84593C701CFFE04200B60777 /* Page1ProductAllViewController.swift */ = {isa = PBXFileReference; fileEncoding = 4; lastKnownFileType = sourcecode.swift; path = Page1ProductAllViewController.swift; sourceTree = "<group>"; };
		84593C721CFFE31200B60777 /* Page1ProductAllCollectionViewCell.swift */ = {isa = PBXFileReference; fileEncoding = 4; lastKnownFileType = sourcecode.swift; path = Page1ProductAllCollectionViewCell.swift; sourceTree = "<group>"; };
		84593C7D1D00286200B60777 /* Page1ProductDetailCell6TableViewCell.swift */ = {isa = PBXFileReference; fileEncoding = 4; lastKnownFileType = sourcecode.swift; path = Page1ProductDetailCell6TableViewCell.swift; sourceTree = "<group>"; };
		84593C7F1D00286900B60777 /* Page1ProductDetailCell5TableViewCell.swift */ = {isa = PBXFileReference; fileEncoding = 4; lastKnownFileType = sourcecode.swift; path = Page1ProductDetailCell5TableViewCell.swift; sourceTree = "<group>"; };
		84593C811D0028A200B60777 /* Page1ProductDetailCell6CollectionViewCell.swift */ = {isa = PBXFileReference; fileEncoding = 4; lastKnownFileType = sourcecode.swift; path = Page1ProductDetailCell6CollectionViewCell.swift; sourceTree = "<group>"; };
		8462B88C1D124F7200719666 /* Page2Cell1TableViewCell.swift */ = {isa = PBXFileReference; fileEncoding = 4; lastKnownFileType = sourcecode.swift; path = Page2Cell1TableViewCell.swift; sourceTree = "<group>"; };
		8462B88E1D12697B00719666 /* Page3Cell0TableViewCell.swift */ = {isa = PBXFileReference; fileEncoding = 4; lastKnownFileType = sourcecode.swift; path = Page3Cell0TableViewCell.swift; sourceTree = "<group>"; };
		8462B8901D12A59E00719666 /* Page4Cell0TableViewCell.swift */ = {isa = PBXFileReference; fileEncoding = 4; lastKnownFileType = sourcecode.swift; path = Page4Cell0TableViewCell.swift; sourceTree = "<group>"; };
		84633C351D1CF67000C79373 /* ProductRand.swift */ = {isa = PBXFileReference; fileEncoding = 4; lastKnownFileType = sourcecode.swift; path = ProductRand.swift; sourceTree = "<group>"; };
		84633C371D1D1B2900C79373 /* SwiftyJSON.framework */ = {isa = PBXFileReference; explicitFileType = wrapper.framework; name = SwiftyJSON.framework; path = "/Users/admin/Library/Developer/Xcode/DerivedData/A2SLayoutsK3-bodwxeffhhhkphelwijhvdunkwbj/Build/Products/Debug-iphoneos/SwiftyJSON.framework"; sourceTree = "<absolute>"; };
		84668BBB1D20E00F005F9DCA /* ShopProduct.swift */ = {isa = PBXFileReference; fileEncoding = 4; lastKnownFileType = sourcecode.swift; path = ShopProduct.swift; sourceTree = "<group>"; };
		846933AD1D27662400F39883 /* Page1AddCartCell3TableViewCell.swift */ = {isa = PBXFileReference; fileEncoding = 4; lastKnownFileType = sourcecode.swift; path = Page1AddCartCell3TableViewCell.swift; sourceTree = "<group>"; };
		846933AF1D276AAF00F39883 /* Page1AddCartCell0TableViewCell.swift */ = {isa = PBXFileReference; fileEncoding = 4; lastKnownFileType = sourcecode.swift; path = Page1AddCartCell0TableViewCell.swift; sourceTree = "<group>"; };
		846933B11D276B0700F39883 /* Page1AddCartCell1TableViewCell.swift */ = {isa = PBXFileReference; fileEncoding = 4; lastKnownFileType = sourcecode.swift; path = Page1AddCartCell1TableViewCell.swift; sourceTree = "<group>"; };
		846933B31D276BA600F39883 /* Page1AddCartColorTableViewCell.swift */ = {isa = PBXFileReference; fileEncoding = 4; lastKnownFileType = sourcecode.swift; path = Page1AddCartColorTableViewCell.swift; sourceTree = "<group>"; };
		846933B51D276BB400F39883 /* Page1AddCartSizeTableViewCell.swift */ = {isa = PBXFileReference; fileEncoding = 4; lastKnownFileType = sourcecode.swift; path = Page1AddCartSizeTableViewCell.swift; sourceTree = "<group>"; };
		846933B71D276CDA00F39883 /* Page1AddCartCell2TableViewCell.swift */ = {isa = PBXFileReference; fileEncoding = 4; lastKnownFileType = sourcecode.swift; path = Page1AddCartCell2TableViewCell.swift; sourceTree = "<group>"; };
		846933B91D27750800F39883 /* Page1ProductDetailProductDetailViewController.swift */ = {isa = PBXFileReference; fileEncoding = 4; lastKnownFileType = sourcecode.swift; path = Page1ProductDetailProductDetailViewController.swift; sourceTree = "<group>"; };
		846933BB1D27772700F39883 /* Page1ProductDetailPaymentViewController.swift */ = {isa = PBXFileReference; fileEncoding = 4; lastKnownFileType = sourcecode.swift; path = Page1ProductDetailPaymentViewController.swift; sourceTree = "<group>"; };
		846933BD1D27AB0F00F39883 /* ProductTop.swift */ = {isa = PBXFileReference; fileEncoding = 4; lastKnownFileType = sourcecode.swift; path = ProductTop.swift; sourceTree = "<group>"; };
		846D1B4C1CFD82A90005EC00 /* Page1Cell0CollectionViewCell.swift */ = {isa = PBXFileReference; fileEncoding = 4; lastKnownFileType = sourcecode.swift; path = Page1Cell0CollectionViewCell.swift; sourceTree = "<group>"; };
		846D1B501CFD82D90005EC00 /* Page1Cell1CollectionViewCell.swift */ = {isa = PBXFileReference; fileEncoding = 4; lastKnownFileType = sourcecode.swift; path = Page1Cell1CollectionViewCell.swift; sourceTree = "<group>"; };
		846D1B521CFD82E10005EC00 /* Page1Cell2CollectionViewCell.swift */ = {isa = PBXFileReference; fileEncoding = 4; lastKnownFileType = sourcecode.swift; path = Page1Cell2CollectionViewCell.swift; sourceTree = "<group>"; };
		846D1B551CFD85B80005EC00 /* Dammy.swift */ = {isa = PBXFileReference; fileEncoding = 4; lastKnownFileType = sourcecode.swift; path = Dammy.swift; sourceTree = "<group>"; };
		846D1B5A1CFD965C0005EC00 /* Page1ProductDetailViewController.swift */ = {isa = PBXFileReference; fileEncoding = 4; lastKnownFileType = sourcecode.swift; path = Page1ProductDetailViewController.swift; sourceTree = "<group>"; };
		8470BE9F1D0AB79F00509A2E /* Page1ProductDetailCell7TableViewCell.swift */ = {isa = PBXFileReference; fileEncoding = 4; lastKnownFileType = sourcecode.swift; path = Page1ProductDetailCell7TableViewCell.swift; sourceTree = "<group>"; };
		847106071CFD7398003B5DD1 /* A2SLayoutsK3.app */ = {isa = PBXFileReference; explicitFileType = wrapper.application; includeInIndex = 0; path = A2SLayoutsK3.app; sourceTree = BUILT_PRODUCTS_DIR; };
		8471060A1CFD7398003B5DD1 /* AppDelegate.swift */ = {isa = PBXFileReference; lastKnownFileType = sourcecode.swift; path = AppDelegate.swift; sourceTree = "<group>"; };
		8471060C1CFD7398003B5DD1 /* ViewController.swift */ = {isa = PBXFileReference; lastKnownFileType = sourcecode.swift; path = ViewController.swift; sourceTree = "<group>"; };
		8471060F1CFD7398003B5DD1 /* Base */ = {isa = PBXFileReference; lastKnownFileType = file.storyboard; name = Base; path = Base.lproj/Main.storyboard; sourceTree = "<group>"; };
		847106111CFD7398003B5DD1 /* Assets.xcassets */ = {isa = PBXFileReference; lastKnownFileType = folder.assetcatalog; path = Assets.xcassets; sourceTree = "<group>"; };
		847106141CFD7398003B5DD1 /* Base */ = {isa = PBXFileReference; lastKnownFileType = file.storyboard; name = Base; path = Base.lproj/LaunchScreen.storyboard; sourceTree = "<group>"; };
		847106161CFD7399003B5DD1 /* Info.plist */ = {isa = PBXFileReference; lastKnownFileType = text.plist.xml; path = Info.plist; sourceTree = "<group>"; };
		8471061C1CFD73A2003B5DD1 /* Podfile */ = {isa = PBXFileReference; fileEncoding = 4; lastKnownFileType = text; path = Podfile; sourceTree = "<group>"; xcLanguageSpecificationIdentifier = xcode.lang.ruby; };
		847106261CFD7D92003B5DD1 /* star0.png */ = {isa = PBXFileReference; lastKnownFileType = image.png; path = star0.png; sourceTree = "<group>"; };
		847106281CFD7DBD003B5DD1 /* Page1Cell0TableViewCell.swift */ = {isa = PBXFileReference; fileEncoding = 4; lastKnownFileType = sourcecode.swift; path = Page1Cell0TableViewCell.swift; sourceTree = "<group>"; };
		8471062A1CFD7DCA003B5DD1 /* Page1Cell1TableViewCell.swift */ = {isa = PBXFileReference; fileEncoding = 4; lastKnownFileType = sourcecode.swift; path = Page1Cell1TableViewCell.swift; sourceTree = "<group>"; };
		8471062C1CFD7DD6003B5DD1 /* Page1Cell2TableViewCell.swift */ = {isa = PBXFileReference; fileEncoding = 4; lastKnownFileType = sourcecode.swift; path = Page1Cell2TableViewCell.swift; sourceTree = "<group>"; };
		8471062E1CFD7F0C003B5DD1 /* Page1ViewController.swift */ = {isa = PBXFileReference; fileEncoding = 4; lastKnownFileType = sourcecode.swift; path = Page1ViewController.swift; sourceTree = "<group>"; };
		84766B301D178FCE00316501 /* QuartzCore.framework */ = {isa = PBXFileReference; lastKnownFileType = wrapper.framework; name = QuartzCore.framework; path = System/Library/Frameworks/QuartzCore.framework; sourceTree = SDKROOT; };
		8477A6EC1CFEAECC0000BFEB /* BaseCell.swift */ = {isa = PBXFileReference; fileEncoding = 4; lastKnownFileType = sourcecode.swift; path = BaseCell.swift; sourceTree = "<group>"; };
		8477A6EE1CFECF0E0000BFEB /* Page1ProductDetailCell0TableViewCell.swift */ = {isa = PBXFileReference; fileEncoding = 4; lastKnownFileType = sourcecode.swift; path = Page1ProductDetailCell0TableViewCell.swift; sourceTree = "<group>"; };
		8477A6F01CFECF180000BFEB /* Page1ProductDetailCell1TableViewCell.swift */ = {isa = PBXFileReference; fileEncoding = 4; lastKnownFileType = sourcecode.swift; path = Page1ProductDetailCell1TableViewCell.swift; sourceTree = "<group>"; };
		8477A6F21CFECF230000BFEB /* Page1ProductDetailCell2TableViewCell.swift */ = {isa = PBXFileReference; fileEncoding = 4; lastKnownFileType = sourcecode.swift; path = Page1ProductDetailCell2TableViewCell.swift; sourceTree = "<group>"; };
		8477A6F41CFECF2C0000BFEB /* Page1ProductDetailCell4TableViewCell.swift */ = {isa = PBXFileReference; fileEncoding = 4; lastKnownFileType = sourcecode.swift; path = Page1ProductDetailCell4TableViewCell.swift; sourceTree = "<group>"; };
		8477A6F61CFECF5A0000BFEB /* Page1ProductDetailCell3TableViewCell.swift */ = {isa = PBXFileReference; fileEncoding = 4; lastKnownFileType = sourcecode.swift; path = Page1ProductDetailCell3TableViewCell.swift; sourceTree = "<group>"; };
		847D623B1D2BB8EB0081F9A6 /* Page1SearchViewController.swift */ = {isa = PBXFileReference; fileEncoding = 4; lastKnownFileType = sourcecode.swift; path = Page1SearchViewController.swift; sourceTree = "<group>"; };
		847D623E1D2BBA2A0081F9A6 /* Page1SearchFilterViewController.swift */ = {isa = PBXFileReference; fileEncoding = 4; lastKnownFileType = sourcecode.swift; path = Page1SearchFilterViewController.swift; sourceTree = "<group>"; };
		847D62401D2BBB510081F9A6 /* Page1SearchFilterCell0CollectionViewCell.swift */ = {isa = PBXFileReference; fileEncoding = 4; lastKnownFileType = sourcecode.swift; path = Page1SearchFilterCell0CollectionViewCell.swift; sourceTree = "<group>"; };
		8489A41C1D2A0D1400B6DC4B /* ProductFilter.swift */ = {isa = PBXFileReference; fileEncoding = 4; lastKnownFileType = sourcecode.swift; path = ProductFilter.swift; sourceTree = "<group>"; };
		8489A41E1D2A1A6300B6DC4B /* Page1ProductDetailCell0CollectionViewCell.swift */ = {isa = PBXFileReference; fileEncoding = 4; lastKnownFileType = sourcecode.swift; path = Page1ProductDetailCell0CollectionViewCell.swift; sourceTree = "<group>"; };
		848AF9781D02836800A3B84A /* Product.swift */ = {isa = PBXFileReference; fileEncoding = 4; lastKnownFileType = sourcecode.swift; path = Product.swift; sourceTree = "<group>"; };
		848ECBB91D236F5500EF1A9C /* Page1ProductDetailCell8TableViewCell.swift */ = {isa = PBXFileReference; fileEncoding = 4; lastKnownFileType = sourcecode.swift; path = Page1ProductDetailCell8TableViewCell.swift; sourceTree = "<group>"; };
		848ECBC21D237A8000EF1A9C /* Page1ProductDetailOptionCell0TableViewCell.swift */ = {isa = PBXFileReference; fileEncoding = 4; lastKnownFileType = sourcecode.swift; path = Page1ProductDetailOptionCell0TableViewCell.swift; sourceTree = "<group>"; };
		848ECBC41D237A8600EF1A9C /* Page1ProductDetailOptionCell1TableViewCell.swift */ = {isa = PBXFileReference; fileEncoding = 4; lastKnownFileType = sourcecode.swift; path = Page1ProductDetailOptionCell1TableViewCell.swift; sourceTree = "<group>"; };
		848ECBC61D237A8C00EF1A9C /* Page1ProductDetailOptionCell2TableViewCell.swift */ = {isa = PBXFileReference; fileEncoding = 4; lastKnownFileType = sourcecode.swift; path = Page1ProductDetailOptionCell2TableViewCell.swift; sourceTree = "<group>"; };
		848ECBCA1D23B80F00EF1A9C /* Page1AddCartViewController.swift */ = {isa = PBXFileReference; fileEncoding = 4; lastKnownFileType = sourcecode.swift; path = Page1AddCartViewController.swift; sourceTree = "<group>"; };
		84A6AF2A1D3351D5008A1E12 /* Page1ProductDetailWarrantyViewController.swift */ = {isa = PBXFileReference; fileEncoding = 4; lastKnownFileType = sourcecode.swift; path = Page1ProductDetailWarrantyViewController.swift; sourceTree = "<group>"; };
		84A6AF521D336F0A008A1E12 /* Page1ProductDetailShippingViewController.swift */ = {isa = PBXFileReference; fileEncoding = 4; lastKnownFileType = sourcecode.swift; path = Page1ProductDetailShippingViewController.swift; sourceTree = "<group>"; };
		84F988AC1D0E579100F9C432 /* Page1ShopDetailViewController.swift */ = {isa = PBXFileReference; fileEncoding = 4; lastKnownFileType = sourcecode.swift; path = Page1ShopDetailViewController.swift; sourceTree = "<group>"; };
		84F988AE1D0E58D300F9C432 /* Page1ShopDetailCell0TableViewCell.swift */ = {isa = PBXFileReference; fileEncoding = 4; lastKnownFileType = sourcecode.swift; path = Page1ShopDetailCell0TableViewCell.swift; sourceTree = "<group>"; };
		84F988B01D0E609200F9C432 /* Page1ShopDetailCell2TableViewCell.swift */ = {isa = PBXFileReference; fileEncoding = 4; lastKnownFileType = sourcecode.swift; path = Page1ShopDetailCell2TableViewCell.swift; sourceTree = "<group>"; };
		84F988B21D0E60BA00F9C432 /* Page1ShopDetailCell2CollectionViewCell.swift */ = {isa = PBXFileReference; fileEncoding = 4; lastKnownFileType = sourcecode.swift; path = Page1ShopDetailCell2CollectionViewCell.swift; sourceTree = "<group>"; };
/* End PBXFileReference section */

/* Begin PBXFrameworksBuildPhase section */
		847106041CFD7398003B5DD1 /* Frameworks */ = {
			isa = PBXFrameworksBuildPhase;
			buildActionMask = 2147483647;
			files = (
				6D5104CD928C4312AE460CA2 /* Pods_A2SLayoutsK3.framework in Frameworks */,
			);
			runOnlyForDeploymentPostprocessing = 0;
		};
/* End PBXFrameworksBuildPhase section */

/* Begin PBXGroup section */
		319C68321D01D92E00FC3516 /* CellMenu */ = {
			isa = PBXGroup;
			children = (
				319C68331D01D94D00FC3516 /* Page1CellMenu0TableViewCell.swift */,
			);
			name = CellMenu;
			sourceTree = "<group>";
		};
		842612071D13F80300A9CDA2 /* ReviewCell */ = {
			isa = PBXGroup;
			children = (
				842612081D13F81C00A9CDA2 /* Page1ProductDetailCell2ReviewCell0TableViewCell.swift */,
			);
			name = ReviewCell;
			sourceTree = "<group>";
		};
		844D78B41D2BB842007BE953 /* Search */ = {
			isa = PBXGroup;
			children = (
				847D623D1D2BBA1E0081F9A6 /* Filter */,
				847D623B1D2BB8EB0081F9A6 /* Page1SearchViewController.swift */,
			);
			name = Search;
			sourceTree = "<group>";
		};
		84593C761CFFFBEC00B60777 /* Cell0 */ = {
			isa = PBXGroup;
			children = (
				8477A6EE1CFECF0E0000BFEB /* Page1ProductDetailCell0TableViewCell.swift */,
				8489A41E1D2A1A6300B6DC4B /* Page1ProductDetailCell0CollectionViewCell.swift */,
			);
			name = Cell0;
			sourceTree = "<group>";
		};
		84593C771CFFFBFD00B60777 /* Cell1 */ = {
			isa = PBXGroup;
			children = (
				8477A6F01CFECF180000BFEB /* Page1ProductDetailCell1TableViewCell.swift */,
			);
			name = Cell1;
			sourceTree = "<group>";
		};
		84593C781CFFFC0300B60777 /* Cell2 */ = {
			isa = PBXGroup;
			children = (
				842612071D13F80300A9CDA2 /* ReviewCell */,
				8477A6F21CFECF230000BFEB /* Page1ProductDetailCell2TableViewCell.swift */,
			);
			name = Cell2;
			sourceTree = "<group>";
		};
		84593C791CFFFC0A00B60777 /* Cell3 */ = {
			isa = PBXGroup;
			children = (
				8477A6F61CFECF5A0000BFEB /* Page1ProductDetailCell3TableViewCell.swift */,
			);
			name = Cell3;
			sourceTree = "<group>";
		};
		84593C7A1CFFFC0F00B60777 /* Cell4 */ = {
			isa = PBXGroup;
			children = (
				8477A6F41CFECF2C0000BFEB /* Page1ProductDetailCell4TableViewCell.swift */,
			);
			name = Cell4;
			sourceTree = "<group>";
		};
		84593C7B1D00280E00B60777 /* Cell5 */ = {
			isa = PBXGroup;
			children = (
				84593C7F1D00286900B60777 /* Page1ProductDetailCell5TableViewCell.swift */,
			);
			name = Cell5;
			sourceTree = "<group>";
		};
		84593C7C1D00281700B60777 /* Cell6 */ = {
			isa = PBXGroup;
			children = (
				84593C7D1D00286200B60777 /* Page1ProductDetailCell6TableViewCell.swift */,
				84593C811D0028A200B60777 /* Page1ProductDetailCell6CollectionViewCell.swift */,
			);
			name = Cell6;
			sourceTree = "<group>";
		};
		846933AC1D2765CF00F39883 /* Button */ = {
			isa = PBXGroup;
			children = (
			);
			name = Button;
			sourceTree = "<group>";
		};
		846D1B4B1CFD828A0005EC00 /* Cell0 */ = {
			isa = PBXGroup;
			children = (
				847106281CFD7DBD003B5DD1 /* Page1Cell0TableViewCell.swift */,
				846D1B4C1CFD82A90005EC00 /* Page1Cell0CollectionViewCell.swift */,
			);
			name = Cell0;
			sourceTree = "<group>";
		};
		846D1B4E1CFD82BE0005EC00 /* Cell1 */ = {
			isa = PBXGroup;
			children = (
				8471062A1CFD7DCA003B5DD1 /* Page1Cell1TableViewCell.swift */,
				846D1B501CFD82D90005EC00 /* Page1Cell1CollectionViewCell.swift */,
			);
			name = Cell1;
			sourceTree = "<group>";
		};
		846D1B4F1CFD82CD0005EC00 /* Cell2 */ = {
			isa = PBXGroup;
			children = (
				8471062C1CFD7DD6003B5DD1 /* Page1Cell2TableViewCell.swift */,
				846D1B521CFD82E10005EC00 /* Page1Cell2CollectionViewCell.swift */,
			);
			name = Cell2;
			sourceTree = "<group>";
		};
		846D1B541CFD858A0005EC00 /* Function */ = {
			isa = PBXGroup;
			children = (
				846D1B551CFD85B80005EC00 /* Dammy.swift */,
			);
			name = Function;
			sourceTree = "<group>";
		};
		846D1B571CFD8F0A0005EC00 /* Main */ = {
			isa = PBXGroup;
			children = (
				8471062E1CFD7F0C003B5DD1 /* Page1ViewController.swift */,
				319C68321D01D92E00FC3516 /* CellMenu */,
				846D1B4B1CFD828A0005EC00 /* Cell0 */,
				846D1B4E1CFD82BE0005EC00 /* Cell1 */,
				846D1B4F1CFD82CD0005EC00 /* Cell2 */,
			);
			name = Main;
			sourceTree = "<group>";
		};
		846D1B581CFD8F150005EC00 /* ProductDetail */ = {
			isa = PBXGroup;
			children = (
				846D1B5A1CFD965C0005EC00 /* Page1ProductDetailViewController.swift */,
				84593C761CFFFBEC00B60777 /* Cell0 */,
				84593C771CFFFBFD00B60777 /* Cell1 */,
				84593C781CFFFC0300B60777 /* Cell2 */,
				84593C791CFFFC0A00B60777 /* Cell3 */,
				84593C7A1CFFFC0F00B60777 /* Cell4 */,
				84593C7B1D00280E00B60777 /* Cell5 */,
				84593C7C1D00281700B60777 /* Cell6 */,
				8470BE9E1D0AB77A00509A2E /* Cell7 */,
				848ECBB81D236F2E00EF1A9C /* Cell8 */,
				848ECBC81D23929200EF1A9C /* Cell9 */,
				846933B91D27750800F39883 /* Page1ProductDetailProductDetailViewController.swift */,
				846933BB1D27772700F39883 /* Page1ProductDetailPaymentViewController.swift */,
				84A6AF2A1D3351D5008A1E12 /* Page1ProductDetailWarrantyViewController.swift */,
				84A6AF521D336F0A008A1E12 /* Page1ProductDetailShippingViewController.swift */,
			);
			name = ProductDetail;
			sourceTree = "<group>";
		};
		846D1B591CFD8F1E0005EC00 /* ProductAll */ = {
			isa = PBXGroup;
			children = (
				84593C701CFFE04200B60777 /* Page1ProductAllViewController.swift */,
				84593C721CFFE31200B60777 /* Page1ProductAllCollectionViewCell.swift */,
			);
			name = ProductAll;
			sourceTree = "<group>";
		};
		8470BE9E1D0AB77A00509A2E /* Cell7 */ = {
			isa = PBXGroup;
			children = (
				8470BE9F1D0AB79F00509A2E /* Page1ProductDetailCell7TableViewCell.swift */,
			);
			name = Cell7;
			sourceTree = "<group>";
		};
		847105FE1CFD7398003B5DD1 = {
			isa = PBXGroup;
			children = (
				84633C371D1D1B2900C79373 /* SwiftyJSON.framework */,
				8471061C1CFD73A2003B5DD1 /* Podfile */,
				847106091CFD7398003B5DD1 /* A2SLayoutsK3 */,
				847106081CFD7398003B5DD1 /* Products */,
				9F42F756DB05A5C84A5645F5 /* Pods */,
				BCB31531D5322CC01554DC0E /* Frameworks */,
			);
			sourceTree = "<group>";
		};
		847106081CFD7398003B5DD1 /* Products */ = {
			isa = PBXGroup;
			children = (
				847106071CFD7398003B5DD1 /* A2SLayoutsK3.app */,
			);
			name = Products;
			sourceTree = "<group>";
		};
		847106091CFD7398003B5DD1 /* A2SLayoutsK3 */ = {
			isa = PBXGroup;
			children = (
				8471060A1CFD7398003B5DD1 /* AppDelegate.swift */,
				847106251CFD7D83003B5DD1 /* image */,
				8477A6EB1CFEAEB70000BFEB /* Struct */,
				846D1B541CFD858A0005EC00 /* Function */,
				8471060E1CFD7398003B5DD1 /* Main.storyboard */,
				847106111CFD7398003B5DD1 /* Assets.xcassets */,
				847106131CFD7398003B5DD1 /* LaunchScreen.storyboard */,
				847106161CFD7399003B5DD1 /* Info.plist */,
				847106221CFD796B003B5DD1 /* Page5 */,
				847106211CFD7966003B5DD1 /* Page4 */,
				847106201CFD7961003B5DD1 /* Page3 */,
				8471061F1CFD795C003B5DD1 /* Page2 */,
				8471061E1CFD7956003B5DD1 /* Page1 */,
			);
			path = A2SLayoutsK3;
			sourceTree = "<group>";
		};
		8471061E1CFD7956003B5DD1 /* Page1 */ = {
			isa = PBXGroup;
			children = (
				844D78B41D2BB842007BE953 /* Search */,
				848ECBC91D23B7F900EF1A9C /* AddCart */,
				84F988AB1D0E577C00F9C432 /* ShopDetail */,
				846D1B591CFD8F1E0005EC00 /* ProductAll */,
				846D1B581CFD8F150005EC00 /* ProductDetail */,
				846D1B571CFD8F0A0005EC00 /* Main */,
			);
			name = Page1;
			sourceTree = "<group>";
		};
		8471061F1CFD795C003B5DD1 /* Page2 */ = {
			isa = PBXGroup;
			children = (
				319C68351D01DF3500FC3516 /* Page2ViewController.swift */,
				84574CF41D0FAE8D002D19B9 /* Page2PageMenuViewController.swift */,
				8462B88C1D124F7200719666 /* Page2Cell1TableViewCell.swift */,
			);
			name = Page2;
			sourceTree = "<group>";
		};
		847106201CFD7961003B5DD1 /* Page3 */ = {
			isa = PBXGroup;
			children = (
				319C68371D01DF3B00FC3516 /* Page3ViewController.swift */,
				8462B88E1D12697B00719666 /* Page3Cell0TableViewCell.swift */,
			);
			name = Page3;
			sourceTree = "<group>";
		};
		847106211CFD7966003B5DD1 /* Page4 */ = {
			isa = PBXGroup;
			children = (
				319C68391D01DF4400FC3516 /* Page4ViewController.swift */,
				8462B8901D12A59E00719666 /* Page4Cell0TableViewCell.swift */,
			);
			name = Page4;
			sourceTree = "<group>";
		};
		847106221CFD796B003B5DD1 /* Page5 */ = {
			isa = PBXGroup;
			children = (
				319C683B1D01DF4900FC3516 /* Page5ViewController.swift */,
			);
			name = Page5;
			sourceTree = "<group>";
		};
		847106251CFD7D83003B5DD1 /* image */ = {
			isa = PBXGroup;
			children = (
				847106261CFD7D92003B5DD1 /* star0.png */,
			);
			name = image;
			sourceTree = "<group>";
		};
		8477A6EB1CFEAEB70000BFEB /* Struct */ = {
			isa = PBXGroup;
			children = (
				8471060C1CFD7398003B5DD1 /* ViewController.swift */,
				8477A6EC1CFEAECC0000BFEB /* BaseCell.swift */,
				848AF9781D02836800A3B84A /* Product.swift */,
				84633C351D1CF67000C79373 /* ProductRand.swift */,
				846933BD1D27AB0F00F39883 /* ProductTop.swift */,
				843061911D1E695B005FC8F7 /* ProductAll.swift */,
				84668BBB1D20E00F005F9DCA /* ShopProduct.swift */,
				8489A41C1D2A0D1400B6DC4B /* ProductFilter.swift */,
			);
			name = Struct;
			sourceTree = "<group>";
		};
		847D623D1D2BBA1E0081F9A6 /* Filter */ = {
			isa = PBXGroup;
			children = (
				847D623E1D2BBA2A0081F9A6 /* Page1SearchFilterViewController.swift */,
				847D62401D2BBB510081F9A6 /* Page1SearchFilterCell0CollectionViewCell.swift */,
			);
			name = Filter;
			sourceTree = "<group>";
		};
		848ECBB81D236F2E00EF1A9C /* Cell8 */ = {
			isa = PBXGroup;
			children = (
				848ECBBB1D23763700EF1A9C /* OptionCell */,
				848ECBB91D236F5500EF1A9C /* Page1ProductDetailCell8TableViewCell.swift */,
			);
			name = Cell8;
			sourceTree = "<group>";
		};
		848ECBBB1D23763700EF1A9C /* OptionCell */ = {
			isa = PBXGroup;
			children = (
				848ECBC21D237A8000EF1A9C /* Page1ProductDetailOptionCell0TableViewCell.swift */,
				848ECBC41D237A8600EF1A9C /* Page1ProductDetailOptionCell1TableViewCell.swift */,
				848ECBC61D237A8C00EF1A9C /* Page1ProductDetailOptionCell2TableViewCell.swift */,
			);
			name = OptionCell;
			sourceTree = "<group>";
		};
		848ECBC81D23929200EF1A9C /* Cell9 */ = {
			isa = PBXGroup;
			children = (
			);
			name = Cell9;
			sourceTree = "<group>";
		};
		848ECBC91D23B7F900EF1A9C /* AddCart */ = {
			isa = PBXGroup;
			children = (
				846933AC1D2765CF00F39883 /* Button */,
				848ECBCA1D23B80F00EF1A9C /* Page1AddCartViewController.swift */,
				846933AF1D276AAF00F39883 /* Page1AddCartCell0TableViewCell.swift */,
				846933B11D276B0700F39883 /* Page1AddCartCell1TableViewCell.swift */,
				846933B71D276CDA00F39883 /* Page1AddCartCell2TableViewCell.swift */,
				846933AD1D27662400F39883 /* Page1AddCartCell3TableViewCell.swift */,
				848ECBD01D23CF8800EF1A9C /* Option */,
			);
			name = AddCart;
			sourceTree = "<group>";
		};
		848ECBD01D23CF8800EF1A9C /* Option */ = {
			isa = PBXGroup;
			children = (
				846933B31D276BA600F39883 /* Page1AddCartColorTableViewCell.swift */,
				846933B51D276BB400F39883 /* Page1AddCartSizeTableViewCell.swift */,
			);
			name = Option;
			sourceTree = "<group>";
		};
		84F988AB1D0E577C00F9C432 /* ShopDetail */ = {
			isa = PBXGroup;
			children = (
				84F988AC1D0E579100F9C432 /* Page1ShopDetailViewController.swift */,
				84F988AE1D0E58D300F9C432 /* Page1ShopDetailCell0TableViewCell.swift */,
				84F988B01D0E609200F9C432 /* Page1ShopDetailCell2TableViewCell.swift */,
				84F988B21D0E60BA00F9C432 /* Page1ShopDetailCell2CollectionViewCell.swift */,
			);
			name = ShopDetail;
			sourceTree = "<group>";
		};
		9F42F756DB05A5C84A5645F5 /* Pods */ = {
			isa = PBXGroup;
			children = (
				082D7B8C77A9B238EC412E37 /* Pods-A2SLayoutsK3.debug.xcconfig */,
				7A48A21E8494A97DAD8EE817 /* Pods-A2SLayoutsK3.release.xcconfig */,
			);
			name = Pods;
			sourceTree = "<group>";
		};
		BCB31531D5322CC01554DC0E /* Frameworks */ = {
			isa = PBXGroup;
			children = (
				84766B301D178FCE00316501 /* QuartzCore.framework */,
				52451CB050B3F632BE456594 /* Pods_A2SLayoutsK3.framework */,
			);
			name = Frameworks;
			sourceTree = "<group>";
		};
/* End PBXGroup section */

/* Begin PBXNativeTarget section */
		847106061CFD7398003B5DD1 /* A2SLayoutsK3 */ = {
			isa = PBXNativeTarget;
			buildConfigurationList = 847106191CFD7399003B5DD1 /* Build configuration list for PBXNativeTarget "A2SLayoutsK3" */;
			buildPhases = (
				6D409D362CAA2294C4F95451 /* Check Pods Manifest.lock */,
				847106031CFD7398003B5DD1 /* Sources */,
				847106041CFD7398003B5DD1 /* Frameworks */,
				847106051CFD7398003B5DD1 /* Resources */,
				693872745A99800E1ABBA04A /* Embed Pods Frameworks */,
				5B1DCD4B2D0CD1693E260B5B /* Copy Pods Resources */,
			);
			buildRules = (
			);
			dependencies = (
			);
			name = A2SLayoutsK3;
			productName = A2SLayoutsK3;
			productReference = 847106071CFD7398003B5DD1 /* A2SLayoutsK3.app */;
			productType = "com.apple.product-type.application";
		};
/* End PBXNativeTarget section */

/* Begin PBXProject section */
		847105FF1CFD7398003B5DD1 /* Project object */ = {
			isa = PBXProject;
			attributes = {
				LastSwiftUpdateCheck = 0730;
				LastUpgradeCheck = 0730;
				ORGANIZATIONNAME = All2Sale;
				TargetAttributes = {
					847106061CFD7398003B5DD1 = {
						CreatedOnToolsVersion = 7.3.1;
						DevelopmentTeam = 99PQ8VE3S6;
					};
				};
			};
			buildConfigurationList = 847106021CFD7398003B5DD1 /* Build configuration list for PBXProject "A2SLayoutsK3" */;
			compatibilityVersion = "Xcode 3.2";
			developmentRegion = English;
			hasScannedForEncodings = 0;
			knownRegions = (
				en,
				Base,
			);
			mainGroup = 847105FE1CFD7398003B5DD1;
			productRefGroup = 847106081CFD7398003B5DD1 /* Products */;
			projectDirPath = "";
			projectRoot = "";
			targets = (
				847106061CFD7398003B5DD1 /* A2SLayoutsK3 */,
			);
		};
/* End PBXProject section */

/* Begin PBXResourcesBuildPhase section */
		847106051CFD7398003B5DD1 /* Resources */ = {
			isa = PBXResourcesBuildPhase;
			buildActionMask = 2147483647;
			files = (
				847106151CFD7398003B5DD1 /* LaunchScreen.storyboard in Resources */,
				847106121CFD7398003B5DD1 /* Assets.xcassets in Resources */,
				8471061D1CFD73A2003B5DD1 /* Podfile in Resources */,
				847106271CFD7D92003B5DD1 /* star0.png in Resources */,
				847106101CFD7398003B5DD1 /* Main.storyboard in Resources */,
			);
			runOnlyForDeploymentPostprocessing = 0;
		};
/* End PBXResourcesBuildPhase section */

/* Begin PBXShellScriptBuildPhase section */
		5B1DCD4B2D0CD1693E260B5B /* Copy Pods Resources */ = {
			isa = PBXShellScriptBuildPhase;
			buildActionMask = 2147483647;
			files = (
			);
			inputPaths = (
			);
			name = "Copy Pods Resources";
			outputPaths = (
			);
			runOnlyForDeploymentPostprocessing = 0;
			shellPath = /bin/sh;
			shellScript = "\"${SRCROOT}/Pods/Target Support Files/Pods-A2SLayoutsK3/Pods-A2SLayoutsK3-resources.sh\"\n";
			showEnvVarsInLog = 0;
		};
		693872745A99800E1ABBA04A /* Embed Pods Frameworks */ = {
			isa = PBXShellScriptBuildPhase;
			buildActionMask = 2147483647;
			files = (
			);
			inputPaths = (
			);
			name = "Embed Pods Frameworks";
			outputPaths = (
			);
			runOnlyForDeploymentPostprocessing = 0;
			shellPath = /bin/sh;
			shellScript = "\"${SRCROOT}/Pods/Target Support Files/Pods-A2SLayoutsK3/Pods-A2SLayoutsK3-frameworks.sh\"\n";
			showEnvVarsInLog = 0;
		};
		6D409D362CAA2294C4F95451 /* Check Pods Manifest.lock */ = {
			isa = PBXShellScriptBuildPhase;
			buildActionMask = 2147483647;
			files = (
			);
			inputPaths = (
			);
			name = "Check Pods Manifest.lock";
			outputPaths = (
			);
			runOnlyForDeploymentPostprocessing = 0;
			shellPath = /bin/sh;
			shellScript = "diff \"${PODS_ROOT}/../Podfile.lock\" \"${PODS_ROOT}/Manifest.lock\" > /dev/null\nif [[ $? != 0 ]] ; then\n    cat << EOM\nerror: The sandbox is not in sync with the Podfile.lock. Run 'pod install' or update your CocoaPods installation.\nEOM\n    exit 1\nfi\n";
			showEnvVarsInLog = 0;
		};
/* End PBXShellScriptBuildPhase section */

/* Begin PBXSourcesBuildPhase section */
		847106031CFD7398003B5DD1 /* Sources */ = {
			isa = PBXSourcesBuildPhase;
			buildActionMask = 2147483647;
			files = (
				846D1B561CFD85B80005EC00 /* Dammy.swift in Sources */,
				84593C731CFFE31200B60777 /* Page1ProductAllCollectionViewCell.swift in Sources */,
				847D62411D2BBB510081F9A6 /* Page1SearchFilterCell0CollectionViewCell.swift in Sources */,
				846D1B531CFD82E10005EC00 /* Page1Cell2CollectionViewCell.swift in Sources */,
				846D1B5B1CFD965C0005EC00 /* Page1ProductDetailViewController.swift in Sources */,
				8471060D1CFD7398003B5DD1 /* ViewController.swift in Sources */,
				8477A6ED1CFEAECC0000BFEB /* BaseCell.swift in Sources */,
				848ECBC51D237A8600EF1A9C /* Page1ProductDetailOptionCell1TableViewCell.swift in Sources */,
				84A6AF2B1D3351D5008A1E12 /* Page1ProductDetailWarrantyViewController.swift in Sources */,
				8462B88D1D124F7200719666 /* Page2Cell1TableViewCell.swift in Sources */,
				319C683A1D01DF4400FC3516 /* Page4ViewController.swift in Sources */,
				846D1B4D1CFD82A90005EC00 /* Page1Cell0CollectionViewCell.swift in Sources */,
				846933B41D276BA600F39883 /* Page1AddCartColorTableViewCell.swift in Sources */,
				848ECBCB1D23B80F00EF1A9C /* Page1AddCartViewController.swift in Sources */,
				846933B01D276AAF00F39883 /* Page1AddCartCell0TableViewCell.swift in Sources */,
				84F988AD1D0E579100F9C432 /* Page1ShopDetailViewController.swift in Sources */,
				847106291CFD7DBD003B5DD1 /* Page1Cell0TableViewCell.swift in Sources */,
				319C68381D01DF3B00FC3516 /* Page3ViewController.swift in Sources */,
				84F988AF1D0E58D300F9C432 /* Page1ShopDetailCell0TableViewCell.swift in Sources */,
				84593C7E1D00286200B60777 /* Page1ProductDetailCell6TableViewCell.swift in Sources */,
				84F988B31D0E60BA00F9C432 /* Page1ShopDetailCell2CollectionViewCell.swift in Sources */,
				319C68341D01D94D00FC3516 /* Page1CellMenu0TableViewCell.swift in Sources */,
				846933AE1D27662400F39883 /* Page1AddCartCell3TableViewCell.swift in Sources */,
				847D623C1D2BB8EB0081F9A6 /* Page1SearchViewController.swift in Sources */,
				84A6AF531D336F0A008A1E12 /* Page1ProductDetailShippingViewController.swift in Sources */,
				319C68361D01DF3500FC3516 /* Page2ViewController.swift in Sources */,
				848AF9791D02836800A3B84A /* Product.swift in Sources */,
				8477A6F71CFECF5A0000BFEB /* Page1ProductDetailCell3TableViewCell.swift in Sources */,
				847D623F1D2BBA2A0081F9A6 /* Page1SearchFilterViewController.swift in Sources */,
				8462B88F1D12697B00719666 /* Page3Cell0TableViewCell.swift in Sources */,
				8462B8911D12A59E00719666 /* Page4Cell0TableViewCell.swift in Sources */,
				8471060B1CFD7398003B5DD1 /* AppDelegate.swift in Sources */,
				84F988B11D0E609200F9C432 /* Page1ShopDetailCell2TableViewCell.swift in Sources */,
				846933B21D276B0700F39883 /* Page1AddCartCell1TableViewCell.swift in Sources */,
				846933BA1D27750800F39883 /* Page1ProductDetailProductDetailViewController.swift in Sources */,
				846933BE1D27AB0F00F39883 /* ProductTop.swift in Sources */,
				84593C711CFFE04200B60777 /* Page1ProductAllViewController.swift in Sources */,
				8470BEA01D0AB79F00509A2E /* Page1ProductDetailCell7TableViewCell.swift in Sources */,
				848ECBC71D237A8C00EF1A9C /* Page1ProductDetailOptionCell2TableViewCell.swift in Sources */,
				84593C821D0028A200B60777 /* Page1ProductDetailCell6CollectionViewCell.swift in Sources */,
				8477A6F31CFECF230000BFEB /* Page1ProductDetailCell2TableViewCell.swift in Sources */,
				846933BC1D27772700F39883 /* Page1ProductDetailPaymentViewController.swift in Sources */,
				8471062F1CFD7F0C003B5DD1 /* Page1ViewController.swift in Sources */,
				846933B61D276BB400F39883 /* Page1AddCartSizeTableViewCell.swift in Sources */,
				848ECBBA1D236F5500EF1A9C /* Page1ProductDetailCell8TableViewCell.swift in Sources */,
				8477A6F11CFECF180000BFEB /* Page1ProductDetailCell1TableViewCell.swift in Sources */,
				843061921D1E695B005FC8F7 /* ProductAll.swift in Sources */,
				84633C361D1CF67000C79373 /* ProductRand.swift in Sources */,
				84574CF51D0FAE8D002D19B9 /* Page2PageMenuViewController.swift in Sources */,
				846933B81D276CDA00F39883 /* Page1AddCartCell2TableViewCell.swift in Sources */,
				848ECBC31D237A8000EF1A9C /* Page1ProductDetailOptionCell0TableViewCell.swift in Sources */,
				319C683C1D01DF4900FC3516 /* Page5ViewController.swift in Sources */,
				8471062D1CFD7DD6003B5DD1 /* Page1Cell2TableViewCell.swift in Sources */,
				8477A6EF1CFECF0E0000BFEB /* Page1ProductDetailCell0TableViewCell.swift in Sources */,
				8471062B1CFD7DCA003B5DD1 /* Page1Cell1TableViewCell.swift in Sources */,
				8477A6F51CFECF2C0000BFEB /* Page1ProductDetailCell4TableViewCell.swift in Sources */,
				84668BBC1D20E00F005F9DCA /* ShopProduct.swift in Sources */,
				846D1B511CFD82D90005EC00 /* Page1Cell1CollectionViewCell.swift in Sources */,
				8489A41D1D2A0D1400B6DC4B /* ProductFilter.swift in Sources */,
				84593C801D00286900B60777 /* Page1ProductDetailCell5TableViewCell.swift in Sources */,
				842612091D13F81C00A9CDA2 /* Page1ProductDetailCell2ReviewCell0TableViewCell.swift in Sources */,
				8489A41F1D2A1A6300B6DC4B /* Page1ProductDetailCell0CollectionViewCell.swift in Sources */,
			);
			runOnlyForDeploymentPostprocessing = 0;
		};
/* End PBXSourcesBuildPhase section */

/* Begin PBXVariantGroup section */
		8471060E1CFD7398003B5DD1 /* Main.storyboard */ = {
			isa = PBXVariantGroup;
			children = (
				8471060F1CFD7398003B5DD1 /* Base */,
			);
			name = Main.storyboard;
			sourceTree = "<group>";
		};
		847106131CFD7398003B5DD1 /* LaunchScreen.storyboard */ = {
			isa = PBXVariantGroup;
			children = (
				847106141CFD7398003B5DD1 /* Base */,
			);
			name = LaunchScreen.storyboard;
			sourceTree = "<group>";
		};
/* End PBXVariantGroup section */

/* Begin XCBuildConfiguration section */
		847106171CFD7399003B5DD1 /* Debug */ = {
			isa = XCBuildConfiguration;
			buildSettings = {
				ALWAYS_SEARCH_USER_PATHS = NO;
				CLANG_ANALYZER_NONNULL = YES;
				CLANG_CXX_LANGUAGE_STANDARD = "gnu++0x";
				CLANG_CXX_LIBRARY = "libc++";
				CLANG_ENABLE_MODULES = YES;
				CLANG_ENABLE_OBJC_ARC = YES;
				CLANG_WARN_BOOL_CONVERSION = YES;
				CLANG_WARN_CONSTANT_CONVERSION = YES;
				CLANG_WARN_DIRECT_OBJC_ISA_USAGE = YES_ERROR;
				CLANG_WARN_EMPTY_BODY = YES;
				CLANG_WARN_ENUM_CONVERSION = YES;
				CLANG_WARN_INT_CONVERSION = YES;
				CLANG_WARN_OBJC_ROOT_CLASS = YES_ERROR;
				CLANG_WARN_UNREACHABLE_CODE = YES;
				CLANG_WARN__DUPLICATE_METHOD_MATCH = YES;
				"CODE_SIGN_IDENTITY[sdk=iphoneos*]" = "iPhone Developer";
				COPY_PHASE_STRIP = NO;
				DEBUG_INFORMATION_FORMAT = dwarf;
				ENABLE_STRICT_OBJC_MSGSEND = YES;
				ENABLE_TESTABILITY = YES;
				GCC_C_LANGUAGE_STANDARD = gnu99;
				GCC_DYNAMIC_NO_PIC = NO;
				GCC_NO_COMMON_BLOCKS = YES;
				GCC_OPTIMIZATION_LEVEL = 0;
				GCC_PREPROCESSOR_DEFINITIONS = (
					"DEBUG=1",
					"$(inherited)",
				);
				GCC_WARN_64_TO_32_BIT_CONVERSION = YES;
				GCC_WARN_ABOUT_RETURN_TYPE = YES_ERROR;
				GCC_WARN_UNDECLARED_SELECTOR = YES;
				GCC_WARN_UNINITIALIZED_AUTOS = YES_AGGRESSIVE;
				GCC_WARN_UNUSED_FUNCTION = YES;
				GCC_WARN_UNUSED_VARIABLE = YES;
				IPHONEOS_DEPLOYMENT_TARGET = 9.3;
				MTL_ENABLE_DEBUG_INFO = YES;
				ONLY_ACTIVE_ARCH = YES;
				SDKROOT = iphoneos;
				SWIFT_OPTIMIZATION_LEVEL = "-Onone";
			};
			name = Debug;
		};
		847106181CFD7399003B5DD1 /* Release */ = {
			isa = XCBuildConfiguration;
			buildSettings = {
				ALWAYS_SEARCH_USER_PATHS = NO;
				CLANG_ANALYZER_NONNULL = YES;
				CLANG_CXX_LANGUAGE_STANDARD = "gnu++0x";
				CLANG_CXX_LIBRARY = "libc++";
				CLANG_ENABLE_MODULES = YES;
				CLANG_ENABLE_OBJC_ARC = YES;
				CLANG_WARN_BOOL_CONVERSION = YES;
				CLANG_WARN_CONSTANT_CONVERSION = YES;
				CLANG_WARN_DIRECT_OBJC_ISA_USAGE = YES_ERROR;
				CLANG_WARN_EMPTY_BODY = YES;
				CLANG_WARN_ENUM_CONVERSION = YES;
				CLANG_WARN_INT_CONVERSION = YES;
				CLANG_WARN_OBJC_ROOT_CLASS = YES_ERROR;
				CLANG_WARN_UNREACHABLE_CODE = YES;
				CLANG_WARN__DUPLICATE_METHOD_MATCH = YES;
				"CODE_SIGN_IDENTITY[sdk=iphoneos*]" = "iPhone Developer";
				COPY_PHASE_STRIP = NO;
				DEBUG_INFORMATION_FORMAT = "dwarf-with-dsym";
				ENABLE_NS_ASSERTIONS = NO;
				ENABLE_STRICT_OBJC_MSGSEND = YES;
				GCC_C_LANGUAGE_STANDARD = gnu99;
				GCC_NO_COMMON_BLOCKS = YES;
				GCC_WARN_64_TO_32_BIT_CONVERSION = YES;
				GCC_WARN_ABOUT_RETURN_TYPE = YES_ERROR;
				GCC_WARN_UNDECLARED_SELECTOR = YES;
				GCC_WARN_UNINITIALIZED_AUTOS = YES_AGGRESSIVE;
				GCC_WARN_UNUSED_FUNCTION = YES;
				GCC_WARN_UNUSED_VARIABLE = YES;
				IPHONEOS_DEPLOYMENT_TARGET = 9.3;
				MTL_ENABLE_DEBUG_INFO = NO;
				SDKROOT = iphoneos;
				VALIDATE_PRODUCT = YES;
			};
			name = Release;
		};
		8471061A1CFD7399003B5DD1 /* Debug */ = {
			isa = XCBuildConfiguration;
			baseConfigurationReference = 082D7B8C77A9B238EC412E37 /* Pods-A2SLayoutsK3.debug.xcconfig */;
			buildSettings = {
				ASSETCATALOG_COMPILER_APPICON_NAME = AppIcon;
				CODE_SIGN_IDENTITY = "iPhone Developer";
				"CODE_SIGN_IDENTITY[sdk=iphoneos*]" = "iPhone Developer";
				EMBEDDED_CONTENT_CONTAINS_SWIFT = NO;
				INFOPLIST_FILE = A2SLayoutsK3/Info.plist;
				LD_RUNPATH_SEARCH_PATHS = "$(inherited) @executable_path/Frameworks";
				PRODUCT_BUNDLE_IDENTIFIER = com.all2sale.A2SLayoutsK3;
				PRODUCT_NAME = "$(TARGET_NAME)";
				PROVISIONING_PROFILE = "";
				TARGETED_DEVICE_FAMILY = "1,2";
			};
			name = Debug;
		};
		8471061B1CFD7399003B5DD1 /* Release */ = {
			isa = XCBuildConfiguration;
			baseConfigurationReference = 7A48A21E8494A97DAD8EE817 /* Pods-A2SLayoutsK3.release.xcconfig */;
			buildSettings = {
				ASSETCATALOG_COMPILER_APPICON_NAME = AppIcon;
				CODE_SIGN_IDENTITY = "iPhone Developer";
				"CODE_SIGN_IDENTITY[sdk=iphoneos*]" = "iPhone Developer";
				EMBEDDED_CONTENT_CONTAINS_SWIFT = NO;
				INFOPLIST_FILE = A2SLayoutsK3/Info.plist;
				LD_RUNPATH_SEARCH_PATHS = "$(inherited) @executable_path/Frameworks";
				PRODUCT_BUNDLE_IDENTIFIER = com.all2sale.A2SLayoutsK3;
				PRODUCT_NAME = "$(TARGET_NAME)";
				PROVISIONING_PROFILE = "";
				TARGETED_DEVICE_FAMILY = "1,2";
			};
			name = Release;
		};
/* End XCBuildConfiguration section */

/* Begin XCConfigurationList section */
		847106021CFD7398003B5DD1 /* Build configuration list for PBXProject "A2SLayoutsK3" */ = {
			isa = XCConfigurationList;
			buildConfigurations = (
				847106171CFD7399003B5DD1 /* Debug */,
				847106181CFD7399003B5DD1 /* Release */,
			);
			defaultConfigurationIsVisible = 0;
			defaultConfigurationName = Release;
		};
		847106191CFD7399003B5DD1 /* Build configuration list for PBXNativeTarget "A2SLayoutsK3" */ = {
			isa = XCConfigurationList;
			buildConfigurations = (
				8471061A1CFD7399003B5DD1 /* Debug */,
				8471061B1CFD7399003B5DD1 /* Release */,
			);
			defaultConfigurationIsVisible = 0;
			defaultConfigurationName = Release;
		};
/* End XCConfigurationList section */
	};
	rootObject = 847105FF1CFD7398003B5DD1 /* Project object */;
}
