// !$*UTF8*$!
{
	archiveVersion = 1;
	classes = {
	};
	objectVersion = 46;
	objects = {

/* Begin PBXBuildFile section */
		8471060B1CFD7398003B5DD1 /* AppDelegate.swift in Sources */ = {isa = PBXBuildFile; fileRef = 8471060A1CFD7398003B5DD1 /* AppDelegate.swift */; };
		8471060D1CFD7398003B5DD1 /* ViewController.swift in Sources */ = {isa = PBXBuildFile; fileRef = 8471060C1CFD7398003B5DD1 /* ViewController.swift */; };
		847106101CFD7398003B5DD1 /* Main.storyboard in Resources */ = {isa = PBXBuildFile; fileRef = 8471060E1CFD7398003B5DD1 /* Main.storyboard */; };
		847106121CFD7398003B5DD1 /* Assets.xcassets in Resources */ = {isa = PBXBuildFile; fileRef = 847106111CFD7398003B5DD1 /* Assets.xcassets */; };
		847106151CFD7398003B5DD1 /* LaunchScreen.storyboard in Resources */ = {isa = PBXBuildFile; fileRef = 847106131CFD7398003B5DD1 /* LaunchScreen.storyboard */; };
/* End PBXBuildFile section */

/* Begin PBXFileReference section */
		847106071CFD7398003B5DD1 /* A2SLayoutsK3.app */ = {isa = PBXFileReference; explicitFileType = wrapper.application; includeInIndex = 0; path = A2SLayoutsK3.app; sourceTree = BUILT_PRODUCTS_DIR; };
		8471060A1CFD7398003B5DD1 /* AppDelegate.swift */ = {isa = PBXFileReference; lastKnownFileType = sourcecode.swift; path = AppDelegate.swift; sourceTree = "<group>"; };
		8471060C1CFD7398003B5DD1 /* ViewController.swift */ = {isa = PBXFileReference; lastKnownFileType = sourcecode.swift; path = ViewController.swift; sourceTree = "<group>"; };
		8471060F1CFD7398003B5DD1 /* Base */ = {isa = PBXFileReference; lastKnownFileType = file.storyboard; name = Base; path = Base.lproj/Main.storyboard; sourceTree = "<group>"; };
		847106111CFD7398003B5DD1 /* Assets.xcassets */ = {isa = PBXFileReference; lastKnownFileType = folder.assetcatalog; path = Assets.xcassets; sourceTree = "<group>"; };
		847106141CFD7398003B5DD1 /* Base */ = {isa = PBXFileReference; lastKnownFileType = file.storyboard; name = Base; path = Base.lproj/LaunchScreen.storyboard; sourceTree = "<group>"; };
		847106161CFD7399003B5DD1 /* Info.plist */ = {isa = PBXFileReference; lastKnownFileType = text.plist.xml; path = Info.plist; sourceTree = "<group>"; };
/* End PBXFileReference section */

/* Begin PBXFrameworksBuildPhase section */
		847106041CFD7398003B5DD1 /* Frameworks */ = {
			isa = PBXFrameworksBuildPhase;
			buildActionMask = 2147483647;
			files = (
			);
			runOnlyForDeploymentPostprocessing = 0;
		};
/* End PBXFrameworksBuildPhase section */

/* Begin PBXGroup section */
		847105FE1CFD7398003B5DD1 = {
			isa = PBXGroup;
			children = (
				847106091CFD7398003B5DD1 /* A2SLayoutsK3 */,
				847106081CFD7398003B5DD1 /* Products */,
			);
			sourceTree = "<group>";
		};
		847106081CFD7398003B5DD1 /* Products */ = {
			isa = PBXGroup;
			children = (
				847106071CFD7398003B5DD1 /* A2SLayoutsK3.app */,
			);
			name = Products;
			sourceTree = "<group>";
		};
		847106091CFD7398003B5DD1 /* A2SLayoutsK3 */ = {
			isa = PBXGroup;
			children = (
				8471060A1CFD7398003B5DD1 /* AppDelegate.swift */,
				8471060C1CFD7398003B5DD1 /* ViewController.swift */,
				8471060E1CFD7398003B5DD1 /* Main.storyboard */,
				847106111CFD7398003B5DD1 /* Assets.xcassets */,
				847106131CFD7398003B5DD1 /* LaunchScreen.storyboard */,
				847106161CFD7399003B5DD1 /* Info.plist */,
			);
			path = A2SLayoutsK3;
			sourceTree = "<group>";
		};
/* End PBXGroup section */

/* Begin PBXNativeTarget section */
		847106061CFD7398003B5DD1 /* A2SLayoutsK3 */ = {
			isa = PBXNativeTarget;
			buildConfigurationList = 847106191CFD7399003B5DD1 /* Build configuration list for PBXNativeTarget "A2SLayoutsK3" */;
			buildPhases = (
				847106031CFD7398003B5DD1 /* Sources */,
				847106041CFD7398003B5DD1 /* Frameworks */,
				847106051CFD7398003B5DD1 /* Resources */,
			);
			buildRules = (
			);
			dependencies = (
			);
			name = A2SLayoutsK3;
			productName = A2SLayoutsK3;
			productReference = 847106071CFD7398003B5DD1 /* A2SLayoutsK3.app */;
			productType = "com.apple.product-type.application";
		};
/* End PBXNativeTarget section */

/* Begin PBXProject section */
		847105FF1CFD7398003B5DD1 /* Project object */ = {
			isa = PBXProject;
			attributes = {
				LastSwiftUpdateCheck = 0730;
				LastUpgradeCheck = 0730;
				ORGANIZATIONNAME = All2Sale;
				TargetAttributes = {
					847106061CFD7398003B5DD1 = {
						CreatedOnToolsVersion = 7.3.1;
						DevelopmentTeam = Z32K7UXVG2;
					};
				};
			};
			buildConfigurationList = 847106021CFD7398003B5DD1 /* Build configuration list for PBXProject "A2SLayoutsK3" */;
			compatibilityVersion = "Xcode 3.2";
			developmentRegion = English;
			hasScannedForEncodings = 0;
			knownRegions = (
				en,
				Base,
			);
			mainGroup = 847105FE1CFD7398003B5DD1;
			productRefGroup = 847106081CFD7398003B5DD1 /* Products */;
			projectDirPath = "";
			projectRoot = "";
			targets = (
				847106061CFD7398003B5DD1 /* A2SLayoutsK3 */,
			);
		};
/* End PBXProject section */

/* Begin PBXResourcesBuildPhase section */
		847106051CFD7398003B5DD1 /* Resources */ = {
			isa = PBXResourcesBuildPhase;
			buildActionMask = 2147483647;
			files = (
				847106151CFD7398003B5DD1 /* LaunchScreen.storyboard in Resources */,
				847106121CFD7398003B5DD1 /* Assets.xcassets in Resources */,
				847106101CFD7398003B5DD1 /* Main.storyboard in Resources */,
			);
			runOnlyForDeploymentPostprocessing = 0;
		};
/* End PBXResourcesBuildPhase section */

/* Begin PBXSourcesBuildPhase section */
		847106031CFD7398003B5DD1 /* Sources */ = {
			isa = PBXSourcesBuildPhase;
			buildActionMask = 2147483647;
			files = (
				8471060D1CFD7398003B5DD1 /* ViewController.swift in Sources */,
				8471060B1CFD7398003B5DD1 /* AppDelegate.swift in Sources */,
			);
			runOnlyForDeploymentPostprocessing = 0;
		};
/* End PBXSourcesBuildPhase section */

/* Begin PBXVariantGroup section */
		8471060E1CFD7398003B5DD1 /* Main.storyboard */ = {
			isa = PBXVariantGroup;
			children = (
				8471060F1CFD7398003B5DD1 /* Base */,
			);
			name = Main.storyboard;
			sourceTree = "<group>";
		};
		847106131CFD7398003B5DD1 /* LaunchScreen.storyboard */ = {
			isa = PBXVariantGroup;
			children = (
				847106141CFD7398003B5DD1 /* Base */,
			);
			name = LaunchScreen.storyboard;
			sourceTree = "<group>";
		};
/* End PBXVariantGroup section */

/* Begin XCBuildConfiguration section */
		847106171CFD7399003B5DD1 /* Debug */ = {
			isa = XCBuildConfiguration;
			buildSettings = {
				ALWAYS_SEARCH_USER_PATHS = NO;
				CLANG_ANALYZER_NONNULL = YES;
				CLANG_CXX_LANGUAGE_STANDARD = "gnu++0x";
				CLANG_CXX_LIBRARY = "libc++";
				CLANG_ENABLE_MODULES = YES;
				CLANG_ENABLE_OBJC_ARC = YES;
				CLANG_WARN_BOOL_CONVERSION = YES;
				CLANG_WARN_CONSTANT_CONVERSION = YES;
				CLANG_WARN_DIRECT_OBJC_ISA_USAGE = YES_ERROR;
				CLANG_WARN_EMPTY_BODY = YES;
				CLANG_WARN_ENUM_CONVERSION = YES;
				CLANG_WARN_INT_CONVERSION = YES;
				CLANG_WARN_OBJC_ROOT_CLASS = YES_ERROR;
				CLANG_WARN_UNREACHABLE_CODE = YES;
				CLANG_WARN__DUPLICATE_METHOD_MATCH = YES;
				"CODE_SIGN_IDENTITY[sdk=iphoneos*]" = "iPhone Developer";
				COPY_PHASE_STRIP = NO;
				DEBUG_INFORMATION_FORMAT = dwarf;
				ENABLE_STRICT_OBJC_MSGSEND = YES;
				ENABLE_TESTABILITY = YES;
				GCC_C_LANGUAGE_STANDARD = gnu99;
				GCC_DYNAMIC_NO_PIC = NO;
				GCC_NO_COMMON_BLOCKS = YES;
				GCC_OPTIMIZATION_LEVEL = 0;
				GCC_PREPROCESSOR_DEFINITIONS = (
					"DEBUG=1",
					"$(inherited)",
				);
				GCC_WARN_64_TO_32_BIT_CONVERSION = YES;
				GCC_WARN_ABOUT_RETURN_TYPE = YES_ERROR;
				GCC_WARN_UNDECLARED_SELECTOR = YES;
				GCC_WARN_UNINITIALIZED_AUTOS = YES_AGGRESSIVE;
				GCC_WARN_UNUSED_FUNCTION = YES;
				GCC_WARN_UNUSED_VARIABLE = YES;
				IPHONEOS_DEPLOYMENT_TARGET = 9.3;
				MTL_ENABLE_DEBUG_INFO = YES;
				ONLY_ACTIVE_ARCH = YES;
				SDKROOT = iphoneos;
				SWIFT_OPTIMIZATION_LEVEL = "-Onone";
			};
			name = Debug;
		};
		847106181CFD7399003B5DD1 /* Release */ = {
			isa = XCBuildConfiguration;
			buildSettings = {
				ALWAYS_SEARCH_USER_PATHS = NO;
				CLANG_ANALYZER_NONNULL = YES;
				CLANG_CXX_LANGUAGE_STANDARD = "gnu++0x";
				CLANG_CXX_LIBRARY = "libc++";
				CLANG_ENABLE_MODULES = YES;
				CLANG_ENABLE_OBJC_ARC = YES;
				CLANG_WARN_BOOL_CONVERSION = YES;
				CLANG_WARN_CONSTANT_CONVERSION = YES;
				CLANG_WARN_DIRECT_OBJC_ISA_USAGE = YES_ERROR;
				CLANG_WARN_EMPTY_BODY = YES;
				CLANG_WARN_ENUM_CONVERSION = YES;
				CLANG_WARN_INT_CONVERSION = YES;
				CLANG_WARN_OBJC_ROOT_CLASS = YES_ERROR;
				CLANG_WARN_UNREACHABLE_CODE = YES;
				CLANG_WARN__DUPLICATE_METHOD_MATCH = YES;
				"CODE_SIGN_IDENTITY[sdk=iphoneos*]" = "iPhone Developer";
				COPY_PHASE_STRIP = NO;
				DEBUG_INFORMATION_FORMAT = "dwarf-with-dsym";
				ENABLE_NS_ASSERTIONS = NO;
				ENABLE_STRICT_OBJC_MSGSEND = YES;
				GCC_C_LANGUAGE_STANDARD = gnu99;
				GCC_NO_COMMON_BLOCKS = YES;
				GCC_WARN_64_TO_32_BIT_CONVERSION = YES;
				GCC_WARN_ABOUT_RETURN_TYPE = YES_ERROR;
				GCC_WARN_UNDECLARED_SELECTOR = YES;
				GCC_WARN_UNINITIALIZED_AUTOS = YES_AGGRESSIVE;
				GCC_WARN_UNUSED_FUNCTION = YES;
				GCC_WARN_UNUSED_VARIABLE = YES;
				IPHONEOS_DEPLOYMENT_TARGET = 9.3;
				MTL_ENABLE_DEBUG_INFO = NO;
				SDKROOT = iphoneos;
				VALIDATE_PRODUCT = YES;
			};
			name = Release;
		};
		8471061A1CFD7399003B5DD1 /* Debug */ = {
			isa = XCBuildConfiguration;
			buildSettings = {
				ASSETCATALOG_COMPILER_APPICON_NAME = AppIcon;
				INFOPLIST_FILE = A2SLayoutsK3/Info.plist;
				LD_RUNPATH_SEARCH_PATHS = "$(inherited) @executable_path/Frameworks";
				PRODUCT_BUNDLE_IDENTIFIER = com.all2sale.A2SLayoutsK3;
				PRODUCT_NAME = "$(TARGET_NAME)";
			};
			name = Debug;
		};
		8471061B1CFD7399003B5DD1 /* Release */ = {
			isa = XCBuildConfiguration;
			buildSettings = {
				ASSETCATALOG_COMPILER_APPICON_NAME = AppIcon;
				INFOPLIST_FILE = A2SLayoutsK3/Info.plist;
				LD_RUNPATH_SEARCH_PATHS = "$(inherited) @executable_path/Frameworks";
				PRODUCT_BUNDLE_IDENTIFIER = com.all2sale.A2SLayoutsK3;
				PRODUCT_NAME = "$(TARGET_NAME)";
			};
			name = Release;
		};
/* End XCBuildConfiguration section */

/* Begin XCConfigurationList section */
		847106021CFD7398003B5DD1 /* Build configuration list for PBXProject "A2SLayoutsK3" */ = {
			isa = XCConfigurationList;
			buildConfigurations = (
				847106171CFD7399003B5DD1 /* Debug */,
				847106181CFD7399003B5DD1 /* Release */,
			);
			defaultConfigurationIsVisible = 0;
			defaultConfigurationName = Release;
		};
		847106191CFD7399003B5DD1 /* Build configuration list for PBXNativeTarget "A2SLayoutsK3" */ = {
			isa = XCConfigurationList;
			buildConfigurations = (
				8471061A1CFD7399003B5DD1 /* Debug */,
				8471061B1CFD7399003B5DD1 /* Release */,
			);
			defaultConfigurationIsVisible = 0;
		};
/* End XCConfigurationList section */
	};
	rootObject = 847105FF1CFD7398003B5DD1 /* Project object */;
}
